
Microsoft Visual Studio Solution File, Format Version 12.00
# Visual Studio 15
VisualStudioVersion = 15.0.27703.2018
MinimumVisualStudioVersion = 10.0.40219.1
Project("{FAE04EC0-301F-11D3-BF4B-00C04F79EFBC}") = "Tabbed_Pages.Android", "Tabbed_Pages\Tabbed_Pages.Android\Tabbed_Pages.Android.csproj", "{80BC3831-0B45-4CA5-BE5E-7F2CEABD976E}"
EndProject
Project("{FAE04EC0-301F-11D3-BF4B-00C04F79EFBC}") = "Tabbed_Pages", "Tabbed_Pages\Tabbed_Pages\Tabbed_Pages.csproj", "{DC18C17C-A2D5-40B5-8F53-E183E7EEE70D}"
EndProject
Global
	GlobalSection(SolutionConfigurationPlatforms) = preSolution
		Debug|Any CPU = Debug|Any CPU
		Release|Any CPU = Release|Any CPU
	EndGlobalSection
	GlobalSection(ProjectConfigurationPlatforms) = postSolution
		{80BC3831-0B45-4CA5-BE5E-7F2CEABD976E}.Debug|Any CPU.ActiveCfg = Debug|Any CPU
		{80BC3831-0B45-4CA5-BE5E-7F2CEABD976E}.Debug|Any CPU.Build.0 = Debug|Any CPU
		{80BC3831-0B45-4CA5-BE5E-7F2CEABD976E}.Debug|Any CPU.Deploy.0 = Debug|Any CPU
		{80BC3831-0B45-4CA5-BE5E-7F2CEABD976E}.Release|Any CPU.ActiveCfg = Release|Any CPU
		{80BC3831-0B45-4CA5-BE5E-7F2CEABD976E}.Release|Any CPU.Build.0 = Release|Any CPU
		{80BC3831-0B45-4CA5-BE5E-7F2CEABD976E}.Release|Any CPU.Deploy.0 = Release|Any CPU
		{DC18C17C-A2D5-40B5-8F53-E183E7EEE70D}.Debug|Any CPU.ActiveCfg = Debug|Any CPU
		{DC18C17C-A2D5-40B5-8F53-E183E7EEE70D}.Debug|Any CPU.Build.0 = Debug|Any CPU
		{DC18C17C-A2D5-40B5-8F53-E183E7EEE70D}.Debug|Any CPU.Deploy.0 = Debug|Any CPU
		{DC18C17C-A2D5-40B5-8F53-E183E7EEE70D}.Release|Any CPU.ActiveCfg = Release|Any CPU
		{DC18C17C-A2D5-40B5-8F53-E183E7EEE70D}.Release|Any CPU.Build.0 = Release|Any CPU
		{DC18C17C-A2D5-40B5-8F53-E183E7EEE70D}.Release|Any CPU.Deploy.0 = Release|Any CPU
	EndGlobalSection
	GlobalSection(SolutionProperties) = preSolution
		HideSolutionNode = FALSE
	EndGlobalSection
	GlobalSection(ExtensibilityGlobals) = postSolution
		SolutionGuid = {105652D3-1A1B-4AC8-B78B-57F4524E6597}
	EndGlobalSection
EndGlobal
